// !$*UTF8*$!
{
	archiveVersion = 1;
	classes = {
	};
	objectVersion = 77;
	objects = {

/* Begin PBXBuildFile section */
		0C649CA67BBEF3201E143D91 /* KeychainHelper.swift in Sources */ = {isa = PBXBuildFile; fileRef = 96036A94BC463B8118C8EB3D /* KeychainHelper.swift */; };
		0EF0D8B07242A577BA15B2DE /* RealtimeQuoteManager.swift in Sources */ = {isa = PBXBuildFile; fileRef = 9F5A6472AE55E5203993C25F /* RealtimeQuoteManager.swift */; };
		1BA2239BCF2C3CC0B54F8CC0 /* BrokerRegistry.swift in Sources */ = {isa = PBXBuildFile; fileRef = 01B9FA9D774BFCA082ECB772 /* BrokerRegistry.swift */; };
		1D1A8F945D66A67A6CFA06A9 /* MockBrokerAdapter.swift in Sources */ = {isa = PBXBuildFile; fileRef = E7DAC0DBAF002A53BAA7238E /* MockBrokerAdapter.swift */; };
		1E4A8C3EB5C2AAD27B10C9B5 /* Assets.xcassets in Resources */ = {isa = PBXBuildFile; fileRef = B18D1CB241596D88278D7F25 /* Assets.xcassets */; };
		2396F009A6EE2EE7BE433153 /* SettingsWindowUITests.swift in Sources */ = {isa = PBXBuildFile; fileRef = BB99440BD1A277CA6004621F /* SettingsWindowUITests.swift */; };
		379BEF80E8AA0999738268D2 /* KISAdapter.swift in Sources */ = {isa = PBXBuildFile; fileRef = 454863BF153C297039535D2A /* KISAdapter.swift */; };
		41F67B1BF667E423262F4837 /* AlertCondition.swift in Sources */ = {isa = PBXBuildFile; fileRef = 9BEA35216A296059CBB811EE /* AlertCondition.swift */; };
		4F05F2C0A6A0FC238A10F859 /* PortfolioItem.swift in Sources */ = {isa = PBXBuildFile; fileRef = 687A817AB4EE034AB2D0D112 /* PortfolioItem.swift */; };
		50B4EEE64EEDAEEDC40EB2DE /* NotificationManagerTests.swift in Sources */ = {isa = PBXBuildFile; fileRef = 4EB723879B41A5C7856EBCD4 /* NotificationManagerTests.swift */; };
		518D2F18473C4F22C4EB371F /* SnapshotManagerTests.swift in Sources */ = {isa = PBXBuildFile; fileRef = 05217C2DAD3316E28FE58E77 /* SnapshotManagerTests.swift */; };
		57D99242DAA246F7A6594F57 /* MiraeAssetAdapter.swift in Sources */ = {isa = PBXBuildFile; fileRef = 77B36BF411BAB00875C41D77 /* MiraeAssetAdapter.swift */; };
		5C32C172B9F267DD888430FB /* AlertEvaluator.swift in Sources */ = {isa = PBXBuildFile; fileRef = 485F5E3B2F81922FF587857A /* AlertEvaluator.swift */; };
		5C81696A3CE12ACB72023A9C /* QuoteManagerTests.swift in Sources */ = {isa = PBXBuildFile; fileRef = 9ABB45D8245B3D050084B16D /* QuoteManagerTests.swift */; };
		5D44B67048A2A676F4295779 /* DARTDisclosure.swift in Sources */ = {isa = PBXBuildFile; fileRef = B73C72C6F1D88F72B97D7362 /* DARTDisclosure.swift */; };
		5D85B405631F1A6E2AD57A22 /* KiwoomAdapter.swift in Sources */ = {isa = PBXBuildFile; fileRef = CA63B73896450B025105068F /* KiwoomAdapter.swift */; };
		61396F92FB6DF6646F9B79C2 /* QuoteManager.swift in Sources */ = {isa = PBXBuildFile; fileRef = 5E5AB112AF506EF87D40BA14 /* QuoteManager.swift */; };
		647CB488BA748CF9E75DC473 /* GRDB in Frameworks */ = {isa = PBXBuildFile; productRef = 7799957FF90B2FF48DC7C87F /* GRDB */; };
		687F91821C4C630BA708C4A0 /* MenuBarPopoverView.swift in Sources */ = {isa = PBXBuildFile; fileRef = 14A3725923C78C18CCFFECD6 /* MenuBarPopoverView.swift */; };
		68A053190EE46F1D1EBCAA6F /* NotificationManager.swift in Sources */ = {isa = PBXBuildFile; fileRef = C98C3F9477E7B17A8E9D72F0 /* NotificationManager.swift */; };
		6DFAF541B90C1083B5B2C888 /* DARTManager.swift in Sources */ = {isa = PBXBuildFile; fileRef = 1DA4EE76E88F846A8FB9E2C8 /* DARTManager.swift */; };
		735F9C5A8E2FB9F13FF698F2 /* StockQuoteTests.swift in Sources */ = {isa = PBXBuildFile; fileRef = 713FCE641DED6E48FFF016F5 /* StockQuoteTests.swift */; };
		74A2E886B82508C5D7E02DCA /* AppDelegate.swift in Sources */ = {isa = PBXBuildFile; fileRef = DC7646622AD611A41C94A421 /* AppDelegate.swift */; };
		7ED9AE857C8A1EE7F0B46043 /* StockQuote.swift in Sources */ = {isa = PBXBuildFile; fileRef = 58693606248BA2082C34DD2C /* StockQuote.swift */; };
		8079A8FD9C9E5AFA9C525B1D /* CrashLoggerTests.swift in Sources */ = {isa = PBXBuildFile; fileRef = C52BEC3CD0ED2BB582E51873 /* CrashLoggerTests.swift */; };
		896F1D508E1C6C42CFCE8329 /* StockWatchApp.swift in Sources */ = {isa = PBXBuildFile; fileRef = 6F629436FD4ED83B8E8A6E26 /* StockWatchApp.swift */; };
		89BE3ADB288DE36A8DF219A2 /* SettingsView.swift in Sources */ = {isa = PBXBuildFile; fileRef = CBCBCB15EE3D06F83CF8F3BB /* SettingsView.swift */; };
		8EA0E82137CCEFF9C26C985E /* SnapshotManager.swift in Sources */ = {isa = PBXBuildFile; fileRef = DDF76FE9576C82370C6293FD /* SnapshotManager.swift */; };
		964B5A628DE1672AAB62983F /* BackupManagerTests.swift in Sources */ = {isa = PBXBuildFile; fileRef = DF41AE3482D24E4098CDAEF6 /* BackupManagerTests.swift */; };
		9895C317774C9E7C480E7D6A /* BrokerAdapter.swift in Sources */ = {isa = PBXBuildFile; fileRef = 120E543584AD0CEC78ACF6F1 /* BrokerAdapter.swift */; };
		9DEB07B30156A5FD72A26689 /* AlertHistory.swift in Sources */ = {isa = PBXBuildFile; fileRef = 3CA6753273E034494E5C9BFE /* AlertHistory.swift */; };
		AB8B3DEC935F08EB6EF096A1 /* CrashLogger.swift in Sources */ = {isa = PBXBuildFile; fileRef = 6082E6170C01C27465D4829F /* CrashLogger.swift */; };
		D1B18537D3C8A84AEC78959E /* AlertEvaluatorTests.swift in Sources */ = {isa = PBXBuildFile; fileRef = D55D467063C92591D5F3AF32 /* AlertEvaluatorTests.swift */; };
		D355B90BDD80617758C47DA9 /* WatchlistItem.swift in Sources */ = {isa = PBXBuildFile; fileRef = BD0E3054289D0C4A03DA88CB /* WatchlistItem.swift */; };
		D5197D156AD652C931C382A6 /* OnboardingView.swift in Sources */ = {isa = PBXBuildFile; fileRef = E91457CAFFE46128C1369488 /* OnboardingView.swift */; };
		DD5602121F5D40899A8BD823 /* DatabaseManager.swift in Sources */ = {isa = PBXBuildFile; fileRef = 1A8DC0F7F8A2B927ACAF68A1 /* DatabaseManager.swift */; };
		DEDBC6DE11D10ABBA6D36D0B /* PortfolioSnapshot.swift in Sources */ = {isa = PBXBuildFile; fileRef = FF1EFC104DBC0940A231707B /* PortfolioSnapshot.swift */; };
		E27457020673252EEBC0D7AC /* BackupManager.swift in Sources */ = {isa = PBXBuildFile; fileRef = A21A4E16C58943E49ACCFC79 /* BackupManager.swift */; };
		E41C15388D671784E4CB235E /* AccountManager.swift in Sources */ = {isa = PBXBuildFile; fileRef = AAD47F453A0B461750CDA537 /* AccountManager.swift */; };
		EBBA37C13D78A1B9BF4040A8 /* AssetChartView.swift in Sources */ = {isa = PBXBuildFile; fileRef = 5A05437681BB92C89C262E27 /* AssetChartView.swift */; };
		EDD3BAF58F9FBC1DC26722A2 /* PortfolioItemTests.swift in Sources */ = {isa = PBXBuildFile; fileRef = 831B19FB962ED8687DF4CBFD /* PortfolioItemTests.swift */; };
		F2F9D0EE68C04C87CEA667EC /* ToastWindowManager.swift in Sources */ = {isa = PBXBuildFile; fileRef = CCBB017D66E4027E867F5D48 /* ToastWindowManager.swift */; };
/* End PBXBuildFile section */

/* Begin PBXContainerItemProxy section */
		6551E708AB4E82E0440603D5 /* PBXContainerItemProxy */ = {
			isa = PBXContainerItemProxy;
			containerPortal = 508D86D6705B722D26030375 /* Project object */;
			proxyType = 1;
			remoteGlobalIDString = D46445667F12F104933B15C9;
			remoteInfo = StockWatch;
		};
		B4B9881B80DE9D1B8A71BF48 /* PBXContainerItemProxy */ = {
			isa = PBXContainerItemProxy;
			containerPortal = 508D86D6705B722D26030375 /* Project object */;
			proxyType = 1;
			remoteGlobalIDString = D46445667F12F104933B15C9;
			remoteInfo = StockWatch;
		};
/* End PBXContainerItemProxy section */

/* Begin PBXFileReference section */
		01B9FA9D774BFCA082ECB772 /* BrokerRegistry.swift */ = {isa = PBXFileReference; lastKnownFileType = sourcecode.swift; path = BrokerRegistry.swift; sourceTree = "<group>"; };
		05217C2DAD3316E28FE58E77 /* SnapshotManagerTests.swift */ = {isa = PBXFileReference; lastKnownFileType = sourcecode.swift; path = SnapshotManagerTests.swift; sourceTree = "<group>"; };
		120E543584AD0CEC78ACF6F1 /* BrokerAdapter.swift */ = {isa = PBXFileReference; lastKnownFileType = sourcecode.swift; path = BrokerAdapter.swift; sourceTree = "<group>"; };
		14A3725923C78C18CCFFECD6 /* MenuBarPopoverView.swift */ = {isa = PBXFileReference; lastKnownFileType = sourcecode.swift; path = MenuBarPopoverView.swift; sourceTree = "<group>"; };
		1A8DC0F7F8A2B927ACAF68A1 /* DatabaseManager.swift */ = {isa = PBXFileReference; lastKnownFileType = sourcecode.swift; path = DatabaseManager.swift; sourceTree = "<group>"; };
		1DA4EE76E88F846A8FB9E2C8 /* DARTManager.swift */ = {isa = PBXFileReference; lastKnownFileType = sourcecode.swift; path = DARTManager.swift; sourceTree = "<group>"; };
		27964784296E0D3236DF6643 /* StockWatch.entitlements */ = {isa = PBXFileReference; lastKnownFileType = text.plist.entitlements; path = StockWatch.entitlements; sourceTree = "<group>"; };
		3CA6753273E034494E5C9BFE /* AlertHistory.swift */ = {isa = PBXFileReference; lastKnownFileType = sourcecode.swift; path = AlertHistory.swift; sourceTree = "<group>"; };
		454863BF153C297039535D2A /* KISAdapter.swift */ = {isa = PBXFileReference; lastKnownFileType = sourcecode.swift; path = KISAdapter.swift; sourceTree = "<group>"; };
		485F5E3B2F81922FF587857A /* AlertEvaluator.swift */ = {isa = PBXFileReference; lastKnownFileType = sourcecode.swift; path = AlertEvaluator.swift; sourceTree = "<group>"; };
		4EB723879B41A5C7856EBCD4 /* NotificationManagerTests.swift */ = {isa = PBXFileReference; lastKnownFileType = sourcecode.swift; path = NotificationManagerTests.swift; sourceTree = "<group>"; };
		58693606248BA2082C34DD2C /* StockQuote.swift */ = {isa = PBXFileReference; lastKnownFileType = sourcecode.swift; path = StockQuote.swift; sourceTree = "<group>"; };
		5A05437681BB92C89C262E27 /* AssetChartView.swift */ = {isa = PBXFileReference; lastKnownFileType = sourcecode.swift; path = AssetChartView.swift; sourceTree = "<group>"; };
		5E5AB112AF506EF87D40BA14 /* QuoteManager.swift */ = {isa = PBXFileReference; lastKnownFileType = sourcecode.swift; path = QuoteManager.swift; sourceTree = "<group>"; };
		6082E6170C01C27465D4829F /* CrashLogger.swift */ = {isa = PBXFileReference; lastKnownFileType = sourcecode.swift; path = CrashLogger.swift; sourceTree = "<group>"; };
		687A817AB4EE034AB2D0D112 /* PortfolioItem.swift */ = {isa = PBXFileReference; lastKnownFileType = sourcecode.swift; path = PortfolioItem.swift; sourceTree = "<group>"; };
		693BBA6F9D04AC0BDD39110D /* StockWatch.app */ = {isa = PBXFileReference; explicitFileType = wrapper.application; includeInIndex = 0; path = StockWatch.app; sourceTree = BUILT_PRODUCTS_DIR; };
		6F629436FD4ED83B8E8A6E26 /* StockWatchApp.swift */ = {isa = PBXFileReference; lastKnownFileType = sourcecode.swift; path = StockWatchApp.swift; sourceTree = "<group>"; };
		713FCE641DED6E48FFF016F5 /* StockQuoteTests.swift */ = {isa = PBXFileReference; lastKnownFileType = sourcecode.swift; path = StockQuoteTests.swift; sourceTree = "<group>"; };
		77B36BF411BAB00875C41D77 /* MiraeAssetAdapter.swift */ = {isa = PBXFileReference; lastKnownFileType = sourcecode.swift; path = MiraeAssetAdapter.swift; sourceTree = "<group>"; };
		831B19FB962ED8687DF4CBFD /* PortfolioItemTests.swift */ = {isa = PBXFileReference; lastKnownFileType = sourcecode.swift; path = PortfolioItemTests.swift; sourceTree = "<group>"; };
		96036A94BC463B8118C8EB3D /* KeychainHelper.swift */ = {isa = PBXFileReference; lastKnownFileType = sourcecode.swift; path = KeychainHelper.swift; sourceTree = "<group>"; };
		9ABB45D8245B3D050084B16D /* QuoteManagerTests.swift */ = {isa = PBXFileReference; lastKnownFileType = sourcecode.swift; path = QuoteManagerTests.swift; sourceTree = "<group>"; };
		9BEA35216A296059CBB811EE /* AlertCondition.swift */ = {isa = PBXFileReference; lastKnownFileType = sourcecode.swift; path = AlertCondition.swift; sourceTree = "<group>"; };
		9F5A6472AE55E5203993C25F /* RealtimeQuoteManager.swift */ = {isa = PBXFileReference; lastKnownFileType = sourcecode.swift; path = RealtimeQuoteManager.swift; sourceTree = "<group>"; };
		9F8DB999796D10929ADF512C /* StockWatchTests.xctest */ = {isa = PBXFileReference; explicitFileType = wrapper.cfbundle; includeInIndex = 0; path = StockWatchTests.xctest; sourceTree = BUILT_PRODUCTS_DIR; };
		A21A4E16C58943E49ACCFC79 /* BackupManager.swift */ = {isa = PBXFileReference; lastKnownFileType = sourcecode.swift; path = BackupManager.swift; sourceTree = "<group>"; };
		AAD47F453A0B461750CDA537 /* AccountManager.swift */ = {isa = PBXFileReference; lastKnownFileType = sourcecode.swift; path = AccountManager.swift; sourceTree = "<group>"; };
		B18D1CB241596D88278D7F25 /* Assets.xcassets */ = {isa = PBXFileReference; lastKnownFileType = folder.assetcatalog; path = Assets.xcassets; sourceTree = "<group>"; };
		B73C72C6F1D88F72B97D7362 /* DARTDisclosure.swift */ = {isa = PBXFileReference; lastKnownFileType = sourcecode.swift; path = DARTDisclosure.swift; sourceTree = "<group>"; };
		BB99440BD1A277CA6004621F /* SettingsWindowUITests.swift */ = {isa = PBXFileReference; lastKnownFileType = sourcecode.swift; path = SettingsWindowUITests.swift; sourceTree = "<group>"; };
		BD0E3054289D0C4A03DA88CB /* WatchlistItem.swift */ = {isa = PBXFileReference; lastKnownFileType = sourcecode.swift; path = WatchlistItem.swift; sourceTree = "<group>"; };
		BD0FBD6F5A164FABC04C9358 /* Info.plist */ = {isa = PBXFileReference; lastKnownFileType = text.plist; path = Info.plist; sourceTree = "<group>"; };
		C52BEC3CD0ED2BB582E51873 /* CrashLoggerTests.swift */ = {isa = PBXFileReference; lastKnownFileType = sourcecode.swift; path = CrashLoggerTests.swift; sourceTree = "<group>"; };
		C98C3F9477E7B17A8E9D72F0 /* NotificationManager.swift */ = {isa = PBXFileReference; lastKnownFileType = sourcecode.swift; path = NotificationManager.swift; sourceTree = "<group>"; };
		CA63B73896450B025105068F /* KiwoomAdapter.swift */ = {isa = PBXFileReference; lastKnownFileType = sourcecode.swift; path = KiwoomAdapter.swift; sourceTree = "<group>"; };
		CBCBCB15EE3D06F83CF8F3BB /* SettingsView.swift */ = {isa = PBXFileReference; lastKnownFileType = sourcecode.swift; path = SettingsView.swift; sourceTree = "<group>"; };
		CCBB017D66E4027E867F5D48 /* ToastWindowManager.swift */ = {isa = PBXFileReference; lastKnownFileType = sourcecode.swift; path = ToastWindowManager.swift; sourceTree = "<group>"; };
		D55D467063C92591D5F3AF32 /* AlertEvaluatorTests.swift */ = {isa = PBXFileReference; lastKnownFileType = sourcecode.swift; path = AlertEvaluatorTests.swift; sourceTree = "<group>"; };
		DC7646622AD611A41C94A421 /* AppDelegate.swift */ = {isa = PBXFileReference; lastKnownFileType = sourcecode.swift; path = AppDelegate.swift; sourceTree = "<group>"; };
		DDF76FE9576C82370C6293FD /* SnapshotManager.swift */ = {isa = PBXFileReference; lastKnownFileType = sourcecode.swift; path = SnapshotManager.swift; sourceTree = "<group>"; };
		DF41AE3482D24E4098CDAEF6 /* BackupManagerTests.swift */ = {isa = PBXFileReference; lastKnownFileType = sourcecode.swift; path = BackupManagerTests.swift; sourceTree = "<group>"; };
		E7DAC0DBAF002A53BAA7238E /* MockBrokerAdapter.swift */ = {isa = PBXFileReference; lastKnownFileType = sourcecode.swift; path = MockBrokerAdapter.swift; sourceTree = "<group>"; };
		E91457CAFFE46128C1369488 /* OnboardingView.swift */ = {isa = PBXFileReference; lastKnownFileType = sourcecode.swift; path = OnboardingView.swift; sourceTree = "<group>"; };
		F7EB4F950BAD82725F5D3BC1 /* StockWatchUITests.xctest */ = {isa = PBXFileReference; explicitFileType = wrapper.cfbundle; includeInIndex = 0; path = StockWatchUITests.xctest; sourceTree = BUILT_PRODUCTS_DIR; };
		FF1EFC104DBC0940A231707B /* PortfolioSnapshot.swift */ = {isa = PBXFileReference; lastKnownFileType = sourcecode.swift; path = PortfolioSnapshot.swift; sourceTree = "<group>"; };
/* End PBXFileReference section */

/* Begin PBXFrameworksBuildPhase section */
		28A0E57446C069E43061E3A8 /* Frameworks */ = {
			isa = PBXFrameworksBuildPhase;
			buildActionMask = 2147483647;
			files = (
				647CB488BA748CF9E75DC473 /* GRDB in Frameworks */,
			);
			runOnlyForDeploymentPostprocessing = 0;
		};
/* End PBXFrameworksBuildPhase section */

/* Begin PBXGroup section */
		273CC4E9CF305763E463726D /* Resources */ = {
			isa = PBXGroup;
			children = (
				B18D1CB241596D88278D7F25 /* Assets.xcassets */,
				BD0FBD6F5A164FABC04C9358 /* Info.plist */,
			);
			path = Resources;
			sourceTree = "<group>";
		};
		43AEC6F7C3D0DA84675A3742 /* Products */ = {
			isa = PBXGroup;
			children = (
				693BBA6F9D04AC0BDD39110D /* StockWatch.app */,
				9F8DB999796D10929ADF512C /* StockWatchTests.xctest */,
				F7EB4F950BAD82725F5D3BC1 /* StockWatchUITests.xctest */,
			);
			name = Products;
			sourceTree = "<group>";
		};
		64C0514A54EDE29977DB34A0 /* Database */ = {
			isa = PBXGroup;
			children = (
				1A8DC0F7F8A2B927ACAF68A1 /* DatabaseManager.swift */,
			);
			path = Database;
			sourceTree = "<group>";
		};
		86561FC2FF4A33481719B20D /* Notifications */ = {
			isa = PBXGroup;
			children = (
				C98C3F9477E7B17A8E9D72F0 /* NotificationManager.swift */,
				CCBB017D66E4027E867F5D48 /* ToastWindowManager.swift */,
			);
			path = Notifications;
			sourceTree = "<group>";
		};
		9569A68403C87C14F8CF84C7 /* Models */ = {
			isa = PBXGroup;
			children = (
				9BEA35216A296059CBB811EE /* AlertCondition.swift */,
				3CA6753273E034494E5C9BFE /* AlertHistory.swift */,
				B73C72C6F1D88F72B97D7362 /* DARTDisclosure.swift */,
				687A817AB4EE034AB2D0D112 /* PortfolioItem.swift */,
				FF1EFC104DBC0940A231707B /* PortfolioSnapshot.swift */,
				58693606248BA2082C34DD2C /* StockQuote.swift */,
				BD0E3054289D0C4A03DA88CB /* WatchlistItem.swift */,
			);
			path = Models;
			sourceTree = "<group>";
		};
		9A35F8E4F822F863D4F9FBD5 /* Core */ = {
			isa = PBXGroup;
			children = (
				AAD47F453A0B461750CDA537 /* AccountManager.swift */,
				485F5E3B2F81922FF587857A /* AlertEvaluator.swift */,
				A21A4E16C58943E49ACCFC79 /* BackupManager.swift */,
				6082E6170C01C27465D4829F /* CrashLogger.swift */,
				1DA4EE76E88F846A8FB9E2C8 /* DARTManager.swift */,
				96036A94BC463B8118C8EB3D /* KeychainHelper.swift */,
				5E5AB112AF506EF87D40BA14 /* QuoteManager.swift */,
				9F5A6472AE55E5203993C25F /* RealtimeQuoteManager.swift */,
				DDF76FE9576C82370C6293FD /* SnapshotManager.swift */,
			);
			path = Core;
			sourceTree = "<group>";
		};
		A1BF040BB114BB8FB3D48843 /* Adapters */ = {
			isa = PBXGroup;
			children = (
				120E543584AD0CEC78ACF6F1 /* BrokerAdapter.swift */,
				01B9FA9D774BFCA082ECB772 /* BrokerRegistry.swift */,
				454863BF153C297039535D2A /* KISAdapter.swift */,
				CA63B73896450B025105068F /* KiwoomAdapter.swift */,
				77B36BF411BAB00875C41D77 /* MiraeAssetAdapter.swift */,
				E7DAC0DBAF002A53BAA7238E /* MockBrokerAdapter.swift */,
			);
			path = Adapters;
			sourceTree = "<group>";
		};
		A51197D49508C84B0378F436 /* App */ = {
			isa = PBXGroup;
			children = (
				DC7646622AD611A41C94A421 /* AppDelegate.swift */,
				6F629436FD4ED83B8E8A6E26 /* StockWatchApp.swift */,
			);
			path = App;
			sourceTree = "<group>";
		};
		A538AA0AEE7A54B395A9741C /* StockWatch */ = {
			isa = PBXGroup;
			children = (
				27964784296E0D3236DF6643 /* StockWatch.entitlements */,
				A1BF040BB114BB8FB3D48843 /* Adapters */,
				A51197D49508C84B0378F436 /* App */,
				9A35F8E4F822F863D4F9FBD5 /* Core */,
				64C0514A54EDE29977DB34A0 /* Database */,
				9569A68403C87C14F8CF84C7 /* Models */,
				86561FC2FF4A33481719B20D /* Notifications */,
				273CC4E9CF305763E463726D /* Resources */,
				ACCD89076B479C5AE329C506 /* Views */,
			);
			path = StockWatch;
			sourceTree = "<group>";
		};
		ACCD89076B479C5AE329C506 /* Views */ = {
			isa = PBXGroup;
			children = (
				5A05437681BB92C89C262E27 /* AssetChartView.swift */,
				14A3725923C78C18CCFFECD6 /* MenuBarPopoverView.swift */,
				E91457CAFFE46128C1369488 /* OnboardingView.swift */,
				CBCBCB15EE3D06F83CF8F3BB /* SettingsView.swift */,
			);
			path = Views;
			sourceTree = "<group>";
		};
		D1D778DA252F161587718C5D /* StockWatchTests */ = {
			isa = PBXGroup;
			children = (
				D55D467063C92591D5F3AF32 /* AlertEvaluatorTests.swift */,
				DF41AE3482D24E4098CDAEF6 /* BackupManagerTests.swift */,
				C52BEC3CD0ED2BB582E51873 /* CrashLoggerTests.swift */,
				4EB723879B41A5C7856EBCD4 /* NotificationManagerTests.swift */,
				831B19FB962ED8687DF4CBFD /* PortfolioItemTests.swift */,
				9ABB45D8245B3D050084B16D /* QuoteManagerTests.swift */,
				05217C2DAD3316E28FE58E77 /* SnapshotManagerTests.swift */,
				713FCE641DED6E48FFF016F5 /* StockQuoteTests.swift */,
			);
			path = StockWatchTests;
			sourceTree = "<group>";
		};
		DD815FE41553A48D51D7AF18 /* StockWatchUITests */ = {
			isa = PBXGroup;
			children = (
				BB99440BD1A277CA6004621F /* SettingsWindowUITests.swift */,
			);
			path = StockWatchUITests;
			sourceTree = "<group>";
		};
		E3310BFD84B10DCC16CCFAE4 = {
			isa = PBXGroup;
			children = (
				A538AA0AEE7A54B395A9741C /* StockWatch */,
				D1D778DA252F161587718C5D /* StockWatchTests */,
				DD815FE41553A48D51D7AF18 /* StockWatchUITests */,
				43AEC6F7C3D0DA84675A3742 /* Products */,
			);
			sourceTree = "<group>";
		};
/* End PBXGroup section */

/* Begin PBXNativeTarget section */
		1A91F1AA6DABF764448036CF /* StockWatchTests */ = {
			isa = PBXNativeTarget;
			buildConfigurationList = 1D2C7663C3AEA0F44853A0E8 /* Build configuration list for PBXNativeTarget "StockWatchTests" */;
			buildPhases = (
				BCEA45BC3F2EE9226510E7B3 /* Sources */,
			);
			buildRules = (
			);
			dependencies = (
				142831313E9E11CF24B03ED3 /* PBXTargetDependency */,
			);
			name = StockWatchTests;
			packageProductDependencies = (
			);
			productName = StockWatchTests;
			productReference = 9F8DB999796D10929ADF512C /* StockWatchTests.xctest */;
			productType = "com.apple.product-type.bundle.unit-test";
		};
		31D6E5A4F3C93092B7B5E73F /* StockWatchUITests */ = {
			isa = PBXNativeTarget;
			buildConfigurationList = 629C037C265795A09960FE65 /* Build configuration list for PBXNativeTarget "StockWatchUITests" */;
			buildPhases = (
				18F087D05B7077D1B77BEC0D /* Sources */,
			);
			buildRules = (
			);
			dependencies = (
				C9CCB42C58A6120F9A523679 /* PBXTargetDependency */,
			);
			name = StockWatchUITests;
			packageProductDependencies = (
			);
			productName = StockWatchUITests;
			productReference = F7EB4F950BAD82725F5D3BC1 /* StockWatchUITests.xctest */;
			productType = "com.apple.product-type.bundle.ui-testing";
		};
		D46445667F12F104933B15C9 /* StockWatch */ = {
			isa = PBXNativeTarget;
			buildConfigurationList = D60D7863628717C3DB8DFF2A /* Build configuration list for PBXNativeTarget "StockWatch" */;
			buildPhases = (
				2B0B302DF29A3666B4432A36 /* Sources */,
				59A8067BE4C86673417D83A9 /* Resources */,
				28A0E57446C069E43061E3A8 /* Frameworks */,
			);
			buildRules = (
			);
			dependencies = (
			);
			name = StockWatch;
			packageProductDependencies = (
				7799957FF90B2FF48DC7C87F /* GRDB */,
			);
			productName = StockWatch;
			productReference = 693BBA6F9D04AC0BDD39110D /* StockWatch.app */;
			productType = "com.apple.product-type.application";
		};
/* End PBXNativeTarget section */

/* Begin PBXProject section */
		508D86D6705B722D26030375 /* Project object */ = {
			isa = PBXProject;
			attributes = {
				BuildIndependentTargetsInParallel = YES;
				LastUpgradeCheck = 1600;
				TargetAttributes = {
					1A91F1AA6DABF764448036CF = {
						DevelopmentTeam = "";
						ProvisioningStyle = Manual;
					};
					31D6E5A4F3C93092B7B5E73F = {
						DevelopmentTeam = "";
						ProvisioningStyle = Manual;
						TestTargetID = D46445667F12F104933B15C9;
					};
					D46445667F12F104933B15C9 = {
						DevelopmentTeam = "";
						ProvisioningStyle = Manual;
					};
				};
			};
			buildConfigurationList = EEC1EAFB70E38588F0F1722B /* Build configuration list for PBXProject "StockWatch" */;
			developmentRegion = en;
			hasScannedForEncodings = 0;
			knownRegions = (
				Base,
				en,
			);
			mainGroup = E3310BFD84B10DCC16CCFAE4;
			minimizedProjectReferenceProxies = 1;
			packageReferences = (
				CA41273201FCC61ED5F46525 /* XCRemoteSwiftPackageReference "GRDB.swift" */,
			);
			preferredProjectObjectVersion = 77;
			productRefGroup = 43AEC6F7C3D0DA84675A3742 /* Products */;
			projectDirPath = "";
			projectRoot = "";
			targets = (
				D46445667F12F104933B15C9 /* StockWatch */,
				1A91F1AA6DABF764448036CF /* StockWatchTests */,
				31D6E5A4F3C93092B7B5E73F /* StockWatchUITests */,
			);
		};
/* End PBXProject section */

/* Begin PBXResourcesBuildPhase section */
		59A8067BE4C86673417D83A9 /* Resources */ = {
			isa = PBXResourcesBuildPhase;
			buildActionMask = 2147483647;
			files = (
				1E4A8C3EB5C2AAD27B10C9B5 /* Assets.xcassets in Resources */,
			);
			runOnlyForDeploymentPostprocessing = 0;
		};
/* End PBXResourcesBuildPhase section */

/* Begin PBXSourcesBuildPhase section */
		18F087D05B7077D1B77BEC0D /* Sources */ = {
			isa = PBXSourcesBuildPhase;
			buildActionMask = 2147483647;
			files = (
				2396F009A6EE2EE7BE433153 /* SettingsWindowUITests.swift in Sources */,
			);
			runOnlyForDeploymentPostprocessing = 0;
		};
		2B0B302DF29A3666B4432A36 /* Sources */ = {
			isa = PBXSourcesBuildPhase;
			buildActionMask = 2147483647;
			files = (
				E41C15388D671784E4CB235E /* AccountManager.swift in Sources */,
				41F67B1BF667E423262F4837 /* AlertCondition.swift in Sources */,
				5C32C172B9F267DD888430FB /* AlertEvaluator.swift in Sources */,
				9DEB07B30156A5FD72A26689 /* AlertHistory.swift in Sources */,
				74A2E886B82508C5D7E02DCA /* AppDelegate.swift in Sources */,
				EBBA37C13D78A1B9BF4040A8 /* AssetChartView.swift in Sources */,
				E27457020673252EEBC0D7AC /* BackupManager.swift in Sources */,
				9895C317774C9E7C480E7D6A /* BrokerAdapter.swift in Sources */,
				1BA2239BCF2C3CC0B54F8CC0 /* BrokerRegistry.swift in Sources */,
				AB8B3DEC935F08EB6EF096A1 /* CrashLogger.swift in Sources */,
				5D44B67048A2A676F4295779 /* DARTDisclosure.swift in Sources */,
				6DFAF541B90C1083B5B2C888 /* DARTManager.swift in Sources */,
				DD5602121F5D40899A8BD823 /* DatabaseManager.swift in Sources */,
				379BEF80E8AA0999738268D2 /* KISAdapter.swift in Sources */,
				0C649CA67BBEF3201E143D91 /* KeychainHelper.swift in Sources */,
				5D85B405631F1A6E2AD57A22 /* KiwoomAdapter.swift in Sources */,
				687F91821C4C630BA708C4A0 /* MenuBarPopoverView.swift in Sources */,
				57D99242DAA246F7A6594F57 /* MiraeAssetAdapter.swift in Sources */,
				1D1A8F945D66A67A6CFA06A9 /* MockBrokerAdapter.swift in Sources */,
				68A053190EE46F1D1EBCAA6F /* NotificationManager.swift in Sources */,
				D5197D156AD652C931C382A6 /* OnboardingView.swift in Sources */,
				4F05F2C0A6A0FC238A10F859 /* PortfolioItem.swift in Sources */,
				DEDBC6DE11D10ABBA6D36D0B /* PortfolioSnapshot.swift in Sources */,
				61396F92FB6DF6646F9B79C2 /* QuoteManager.swift in Sources */,
				0EF0D8B07242A577BA15B2DE /* RealtimeQuoteManager.swift in Sources */,
				89BE3ADB288DE36A8DF219A2 /* SettingsView.swift in Sources */,
				8EA0E82137CCEFF9C26C985E /* SnapshotManager.swift in Sources */,
				7ED9AE857C8A1EE7F0B46043 /* StockQuote.swift in Sources */,
				896F1D508E1C6C42CFCE8329 /* StockWatchApp.swift in Sources */,
				F2F9D0EE68C04C87CEA667EC /* ToastWindowManager.swift in Sources */,
				D355B90BDD80617758C47DA9 /* WatchlistItem.swift in Sources */,
			);
			runOnlyForDeploymentPostprocessing = 0;
		};
		BCEA45BC3F2EE9226510E7B3 /* Sources */ = {
			isa = PBXSourcesBuildPhase;
			buildActionMask = 2147483647;
			files = (
				D1B18537D3C8A84AEC78959E /* AlertEvaluatorTests.swift in Sources */,
				964B5A628DE1672AAB62983F /* BackupManagerTests.swift in Sources */,
				8079A8FD9C9E5AFA9C525B1D /* CrashLoggerTests.swift in Sources */,
				50B4EEE64EEDAEEDC40EB2DE /* NotificationManagerTests.swift in Sources */,
				EDD3BAF58F9FBC1DC26722A2 /* PortfolioItemTests.swift in Sources */,
				5C81696A3CE12ACB72023A9C /* QuoteManagerTests.swift in Sources */,
				518D2F18473C4F22C4EB371F /* SnapshotManagerTests.swift in Sources */,
				735F9C5A8E2FB9F13FF698F2 /* StockQuoteTests.swift in Sources */,
			);
			runOnlyForDeploymentPostprocessing = 0;
		};
/* End PBXSourcesBuildPhase section */

/* Begin PBXTargetDependency section */
		142831313E9E11CF24B03ED3 /* PBXTargetDependency */ = {
			isa = PBXTargetDependency;
			target = D46445667F12F104933B15C9 /* StockWatch */;
			targetProxy = 6551E708AB4E82E0440603D5 /* PBXContainerItemProxy */;
		};
		C9CCB42C58A6120F9A523679 /* PBXTargetDependency */ = {
			isa = PBXTargetDependency;
			target = D46445667F12F104933B15C9 /* StockWatch */;
			targetProxy = B4B9881B80DE9D1B8A71BF48 /* PBXContainerItemProxy */;
		};
/* End PBXTargetDependency section */

/* Begin XCBuildConfiguration section */
		056861A0106C10E5E351F8AF /* Debug */ = {
			isa = XCBuildConfiguration;
			buildSettings = {
				BUNDLE_LOADER = "$(TEST_HOST)";
				CODE_SIGN_IDENTITY = "-";
				CODE_SIGN_STYLE = Manual;
				COMBINE_HIDPI_IMAGES = YES;
				DEVELOPMENT_TEAM = "";
				GENERATE_INFOPLIST_FILE = YES;
				LD_RUNPATH_SEARCH_PATHS = (
					"$(inherited)",
					"@executable_path/Frameworks",
					"@loader_path/Frameworks",
				);
				MACOSX_DEPLOYMENT_TARGET = 14.0;
				PRODUCT_BUNDLE_IDENTIFIER = com.personal.StockWatchUITests;
				SDKROOT = macosx;
				SWIFT_VERSION = 6.0;
				TEST_TARGET_NAME = StockWatch;
			};
			name = Debug;
		};
		4E56CDB85101D9A17FC8E5C5 /* Release */ = {
			isa = XCBuildConfiguration;
			buildSettings = {
				BUNDLE_LOADER = "$(TEST_HOST)";
				CODE_SIGN_IDENTITY = "-";
				CODE_SIGN_STYLE = Manual;
				COMBINE_HIDPI_IMAGES = YES;
				DEVELOPMENT_TEAM = "";
				GENERATE_INFOPLIST_FILE = YES;
				LD_RUNPATH_SEARCH_PATHS = (
					"$(inherited)",
					"@executable_path/../Frameworks",
					"@loader_path/../Frameworks",
				);
				MACOSX_DEPLOYMENT_TARGET = 14.0;
				PRODUCT_BUNDLE_IDENTIFIER = com.personal.StockWatchTests;
				SDKROOT = macosx;
				SWIFT_VERSION = 6.0;
				TEST_HOST = "$(BUILT_PRODUCTS_DIR)/StockWatch.app/Contents/MacOS/StockWatch";
			};
			name = Release;
		};
		8F847AE9D9291B1CEAE9CBCB /* Debug */ = {
			isa = XCBuildConfiguration;
			buildSettings = {
				ASSETCATALOG_COMPILER_APPICON_NAME = AppIcon;
				CODE_SIGN_ENTITLEMENTS = StockWatch/StockWatch.entitlements;
				CODE_SIGN_IDENTITY = "-";
				CODE_SIGN_STYLE = Manual;
				COMBINE_HIDPI_IMAGES = YES;
				CURRENT_PROJECT_VERSION = 1;
				DEVELOPMENT_TEAM = "";
				INFOPLIST_FILE = StockWatch/Resources/Info.plist;
				LD_RUNPATH_SEARCH_PATHS = (
					"$(inherited)",
					"@executable_path/../Frameworks",
				);
				MACOSX_DEPLOYMENT_TARGET = 14.0;
				MARKETING_VERSION = 1.0.0;
				PRODUCT_BUNDLE_IDENTIFIER = com.personal.StockWatch;
				SDKROOT = macosx;
				SWIFT_VERSION = 6.0;
			};
			name = Debug;
		};
		96A3921571176E00A4AEFA60 /* Release */ = {
			isa = XCBuildConfiguration;
			buildSettings = {
				ASSETCATALOG_COMPILER_APPICON_NAME = AppIcon;
				CODE_SIGN_ENTITLEMENTS = StockWatch/StockWatch.entitlements;
				CODE_SIGN_IDENTITY = "-";
				CODE_SIGN_STYLE = Manual;
				COMBINE_HIDPI_IMAGES = YES;
				CURRENT_PROJECT_VERSION = 1;
				DEVELOPMENT_TEAM = "";
				INFOPLIST_FILE = StockWatch/Resources/Info.plist;
				LD_RUNPATH_SEARCH_PATHS = (
					"$(inherited)",
					"@executable_path/../Frameworks",
				);
				MACOSX_DEPLOYMENT_TARGET = 14.0;
				MARKETING_VERSION = 1.0.0;
				PRODUCT_BUNDLE_IDENTIFIER = com.personal.StockWatch;
				SDKROOT = macosx;
				SWIFT_VERSION = 6.0;
			};
			name = Release;
		};
		979B3833C9049010CBB273BA /* Debug */ = {
			isa = XCBuildConfiguration;
			buildSettings = {
				BUNDLE_LOADER = "$(TEST_HOST)";
				CODE_SIGN_IDENTITY = "-";
				CODE_SIGN_STYLE = Manual;
				COMBINE_HIDPI_IMAGES = YES;
				DEVELOPMENT_TEAM = "";
				GENERATE_INFOPLIST_FILE = YES;
				LD_RUNPATH_SEARCH_PATHS = (
					"$(inherited)",
					"@executable_path/../Frameworks",
					"@loader_path/../Frameworks",
				);
				MACOSX_DEPLOYMENT_TARGET = 14.0;
				PRODUCT_BUNDLE_IDENTIFIER = com.personal.StockWatchTests;
				SDKROOT = macosx;
				SWIFT_VERSION = 6.0;
				TEST_HOST = "$(BUILT_PRODUCTS_DIR)/StockWatch.app/Contents/MacOS/StockWatch";
			};
			name = Debug;
		};
		AB20AC7E5114869F85BA27AB /* Debug */ = {
			isa = XCBuildConfiguration;
			buildSettings = {
				ALWAYS_SEARCH_USER_PATHS = NO;
				CLANG_ANALYZER_NONNULL = YES;
				CLANG_ANALYZER_NUMBER_OBJECT_CONVERSION = YES_AGGRESSIVE;
				CLANG_CXX_LANGUAGE_STANDARD = "gnu++14";
				CLANG_CXX_LIBRARY = "libc++";
				CLANG_ENABLE_MODULES = YES;
				CLANG_ENABLE_OBJC_ARC = YES;
				CLANG_ENABLE_OBJC_WEAK = YES;
				CLANG_WARN_BLOCK_CAPTURE_AUTORELEASING = YES;
				CLANG_WARN_BOOL_CONVERSION = YES;
				CLANG_WARN_COMMA = YES;
				CLANG_WARN_CONSTANT_CONVERSION = YES;
				CLANG_WARN_DEPRECATED_OBJC_IMPLEMENTATIONS = YES;
				CLANG_WARN_DIRECT_OBJC_ISA_USAGE = YES_ERROR;
				CLANG_WARN_DOCUMENTATION_COMMENTS = YES;
				CLANG_WARN_EMPTY_BODY = YES;
				CLANG_WARN_ENUM_CONVERSION = YES;
				CLANG_WARN_INFINITE_RECURSION = YES;
				CLANG_WARN_INT_CONVERSION = YES;
				CLANG_WARN_NON_LITERAL_NULL_CONVERSION = YES;
				CLANG_WARN_OBJC_IMPLICIT_RETAIN_SELF = YES;
				CLANG_WARN_OBJC_LITERAL_CONVERSION = YES;
				CLANG_WARN_OBJC_ROOT_CLASS = YES_ERROR;
				CLANG_WARN_QUOTED_INCLUDE_IN_FRAMEWORK_HEADER = YES;
				CLANG_WARN_RANGE_LOOP_ANALYSIS = YES;
				CLANG_WARN_STRICT_PROTOTYPES = YES;
				CLANG_WARN_SUSPICIOUS_MOVE = YES;
				CLANG_WARN_UNGUARDED_AVAILABILITY = YES_AGGRESSIVE;
				CLANG_WARN_UNREACHABLE_CODE = YES;
				CLANG_WARN__DUPLICATE_METHOD_MATCH = YES;
				COPY_PHASE_STRIP = NO;
				DEBUG_INFORMATION_FORMAT = dwarf;
				ENABLE_STRICT_OBJC_MSGSEND = YES;
				ENABLE_TESTABILITY = YES;
				GCC_C_LANGUAGE_STANDARD = gnu11;
				GCC_DYNAMIC_NO_PIC = NO;
				GCC_NO_COMMON_BLOCKS = YES;
				GCC_OPTIMIZATION_LEVEL = 0;
				GCC_PREPROCESSOR_DEFINITIONS = (
					"$(inherited)",
					"DEBUG=1",
				);
				GCC_WARN_64_TO_32_BIT_CONVERSION = YES;
				GCC_WARN_ABOUT_RETURN_TYPE = YES_ERROR;
				GCC_WARN_UNDECLARED_SELECTOR = YES;
				GCC_WARN_UNINITIALIZED_AUTOS = YES_AGGRESSIVE;
				GCC_WARN_UNUSED_FUNCTION = YES;
				GCC_WARN_UNUSED_VARIABLE = YES;
				MACOSX_DEPLOYMENT_TARGET = 14.0;
				MTL_ENABLE_DEBUG_INFO = INCLUDE_SOURCE;
				MTL_FAST_MATH = YES;
				ONLY_ACTIVE_ARCH = YES;
				PRODUCT_NAME = "$(TARGET_NAME)";
				SDKROOT = macosx;
				SWIFT_ACTIVE_COMPILATION_CONDITIONS = DEBUG;
				SWIFT_OPTIMIZATION_LEVEL = "-Onone";
				SWIFT_VERSION = 5.0;
			};
			name = Debug;
		};
		C2F149596E5FB14C38FCD33D /* Release */ = {
			isa = XCBuildConfiguration;
			buildSettings = {
				ALWAYS_SEARCH_USER_PATHS = NO;
				CLANG_ANALYZER_NONNULL = YES;
				CLANG_ANALYZER_NUMBER_OBJECT_CONVERSION = YES_AGGRESSIVE;
				CLANG_CXX_LANGUAGE_STANDARD = "gnu++14";
				CLANG_CXX_LIBRARY = "libc++";
				CLANG_ENABLE_MODULES = YES;
				CLANG_ENABLE_OBJC_ARC = YES;
				CLANG_ENABLE_OBJC_WEAK = YES;
				CLANG_WARN_BLOCK_CAPTURE_AUTORELEASING = YES;
				CLANG_WARN_BOOL_CONVERSION = YES;
				CLANG_WARN_COMMA = YES;
				CLANG_WARN_CONSTANT_CONVERSION = YES;
				CLANG_WARN_DEPRECATED_OBJC_IMPLEMENTATIONS = YES;
				CLANG_WARN_DIRECT_OBJC_ISA_USAGE = YES_ERROR;
				CLANG_WARN_DOCUMENTATION_COMMENTS = YES;
				CLANG_WARN_EMPTY_BODY = YES;
				CLANG_WARN_ENUM_CONVERSION = YES;
				CLANG_WARN_INFINITE_RECURSION = YES;
				CLANG_WARN_INT_CONVERSION = YES;
				CLANG_WARN_NON_LITERAL_NULL_CONVERSION = YES;
				CLANG_WARN_OBJC_IMPLICIT_RETAIN_SELF = YES;
				CLANG_WARN_OBJC_LITERAL_CONVERSION = YES;
				CLANG_WARN_OBJC_ROOT_CLASS = YES_ERROR;
				CLANG_WARN_QUOTED_INCLUDE_IN_FRAMEWORK_HEADER = YES;
				CLANG_WARN_RANGE_LOOP_ANALYSIS = YES;
				CLANG_WARN_STRICT_PROTOTYPES = YES;
				CLANG_WARN_SUSPICIOUS_MOVE = YES;
				CLANG_WARN_UNGUARDED_AVAILABILITY = YES_AGGRESSIVE;
				CLANG_WARN_UNREACHABLE_CODE = YES;
				CLANG_WARN__DUPLICATE_METHOD_MATCH = YES;
				COPY_PHASE_STRIP = NO;
				DEBUG_INFORMATION_FORMAT = "dwarf-with-dsym";
				ENABLE_NS_ASSERTIONS = NO;
				ENABLE_STRICT_OBJC_MSGSEND = YES;
				GCC_C_LANGUAGE_STANDARD = gnu11;
				GCC_NO_COMMON_BLOCKS = YES;
				GCC_WARN_64_TO_32_BIT_CONVERSION = YES;
				GCC_WARN_ABOUT_RETURN_TYPE = YES_ERROR;
				GCC_WARN_UNDECLARED_SELECTOR = YES;
				GCC_WARN_UNINITIALIZED_AUTOS = YES_AGGRESSIVE;
				GCC_WARN_UNUSED_FUNCTION = YES;
				GCC_WARN_UNUSED_VARIABLE = YES;
				MACOSX_DEPLOYMENT_TARGET = 14.0;
				MTL_ENABLE_DEBUG_INFO = NO;
				MTL_FAST_MATH = YES;
				PRODUCT_NAME = "$(TARGET_NAME)";
				SDKROOT = macosx;
				SWIFT_COMPILATION_MODE = wholemodule;
				SWIFT_OPTIMIZATION_LEVEL = "-O";
				SWIFT_VERSION = 5.0;
			};
			name = Release;
		};
		F8750DEB6DA72BEA2C348881 /* Release */ = {
			isa = XCBuildConfiguration;
			buildSettings = {
				BUNDLE_LOADER = "$(TEST_HOST)";
				CODE_SIGN_IDENTITY = "-";
				CODE_SIGN_STYLE = Manual;
				COMBINE_HIDPI_IMAGES = YES;
				DEVELOPMENT_TEAM = "";
				GENERATE_INFOPLIST_FILE = YES;
				LD_RUNPATH_SEARCH_PATHS = (
					"$(inherited)",
					"@executable_path/Frameworks",
					"@loader_path/Frameworks",
				);
				MACOSX_DEPLOYMENT_TARGET = 14.0;
				PRODUCT_BUNDLE_IDENTIFIER = com.personal.StockWatchUITests;
				SDKROOT = macosx;
				SWIFT_VERSION = 6.0;
				TEST_TARGET_NAME = StockWatch;
			};
			name = Release;
		};
/* End XCBuildConfiguration section */

/* Begin XCConfigurationList section */
		1D2C7663C3AEA0F44853A0E8 /* Build configuration list for PBXNativeTarget "StockWatchTests" */ = {
			isa = XCConfigurationList;
			buildConfigurations = (
				979B3833C9049010CBB273BA /* Debug */,
				4E56CDB85101D9A17FC8E5C5 /* Release */,
			);
			defaultConfigurationIsVisible = 0;
			defaultConfigurationName = Debug;
		};
		629C037C265795A09960FE65 /* Build configuration list for PBXNativeTarget "StockWatchUITests" */ = {
			isa = XCConfigurationList;
			buildConfigurations = (
				056861A0106C10E5E351F8AF /* Debug */,
				F8750DEB6DA72BEA2C348881 /* Release */,
			);
			defaultConfigurationIsVisible = 0;
			defaultConfigurationName = Debug;
		};
		D60D7863628717C3DB8DFF2A /* Build configuration list for PBXNativeTarget "StockWatch" */ = {
			isa = XCConfigurationList;
			buildConfigurations = (
				8F847AE9D9291B1CEAE9CBCB /* Debug */,
				96A3921571176E00A4AEFA60 /* Release */,
			);
			defaultConfigurationIsVisible = 0;
			defaultConfigurationName = Debug;
		};
		EEC1EAFB70E38588F0F1722B /* Build configuration list for PBXProject "StockWatch" */ = {
			isa = XCConfigurationList;
			buildConfigurations = (
				AB20AC7E5114869F85BA27AB /* Debug */,
				C2F149596E5FB14C38FCD33D /* Release */,
			);
			defaultConfigurationIsVisible = 0;
			defaultConfigurationName = Debug;
		};
/* End XCConfigurationList section */

/* Begin XCRemoteSwiftPackageReference section */
		CA41273201FCC61ED5F46525 /* XCRemoteSwiftPackageReference "GRDB.swift" */ = {
			isa = XCRemoteSwiftPackageReference;
			repositoryURL = "https://github.com/groue/GRDB.swift";
			requirement = {
				kind = upToNextMajorVersion;
				minimumVersion = 6.0.0;
			};
		};
/* End XCRemoteSwiftPackageReference section */

/* Begin XCSwiftPackageProductDependency section */
		7799957FF90B2FF48DC7C87F /* GRDB */ = {
			isa = XCSwiftPackageProductDependency;
			package = CA41273201FCC61ED5F46525 /* XCRemoteSwiftPackageReference "GRDB.swift" */;
			productName = GRDB;
		};
/* End XCSwiftPackageProductDependency section */
	};
	rootObject = 508D86D6705B722D26030375 /* Project object */;
}
